PODS:
  - Alamofire (2.0.2)
  - AlamofireImage (1.1.2):
    - Alamofire (~> 2.0)
  - BFPaperTabBarController (2.1.11):
    - UIColor+BFPaperColors
  - BigBrother (0.3.0)
  - ExSwift (0.1.9)
  - HockeySDK (3.8.2):
    - HockeySDK/AllFeaturesLib (= 3.8.2)
  - HockeySDK/AllFeaturesLib (3.8.2)
  - KeychainAccess (2.0.0)
  - KeychainSwift (3.0.0)
  - Mantle (2.0.5):
    - Mantle/extobjc (= 2.0.5)
  - Mantle/extobjc (2.0.5)
  - MaterialDesignColor (1.3)
  - MaterialKit-Swift2 (0.4.1)
  - Observable-Swift (0.4.2)
  - PureLayout (3.0.1)
  - R.swift (0.11.0)
  - SwiftyStateMachine (0.2.0)
  - UIColor+BFPaperColors (1.7.1)
  - XCGLogger (3.0)
  - XMLDictionary (1.4)

DEPENDENCIES:
  - Alamofire
  - AlamofireImage (~> 1.0)
  - BFPaperTabBarController
  - BigBrother
  - ExSwift (from `https://github.com/yariksmirnov/ExSwift.git`, branch `Swift-2.0`)
  - HockeySDK
  - KeychainAccess
  - KeychainSwift (~> 3.0)
  - Mantle
  - MaterialDesignColor
  - MaterialKit-Swift2 (from `https://github.com/reesemclean/MaterialKit.git`)
  - Observable-Swift (from `https://github.com/yariksmirnov/Observable-Swift.git`)
  - PureLayout
  - R.swift
  - SwiftyStateMachine (from `https://github.com/macoscope/SwiftyStateMachine.git`,
    branch `11-swift-2`)
  - XCGLogger
  - XMLDictionary

EXTERNAL SOURCES:
  ExSwift:
    :branch: Swift-2.0
    :git: https://github.com/yariksmirnov/ExSwift.git
  MaterialKit-Swift2:
    :git: https://github.com/reesemclean/MaterialKit.git
  Observable-Swift:
    :git: https://github.com/yariksmirnov/Observable-Swift.git
  SwiftyStateMachine:
    :branch: 11-swift-2
    :git: https://github.com/macoscope/SwiftyStateMachine.git

CHECKOUT OPTIONS:
  ExSwift:
    :commit: d86a88a8ac3cedef0375fda96b4dd39141a0924d
    :git: https://github.com/yariksmirnov/ExSwift.git
  MaterialKit-Swift2:
    :commit: 531a7e341e7bea9d51131c6a5a59dc008533b41c
    :git: https://github.com/reesemclean/MaterialKit.git
  Observable-Swift:
    :commit: 3b4d48a3ada794d7bdc0cc58cc411b4378c18fec
    :git: https://github.com/yariksmirnov/Observable-Swift.git
  SwiftyStateMachine:
    :commit: 8989005492bc3b00bb27c2aab091184681e5b6fb
    :git: https://github.com/macoscope/SwiftyStateMachine.git

SPEC CHECKSUMS:
  Alamofire: 8edbab00802a752bb5240cc2abe70e7e881488ad
  AlamofireImage: dc3d3de5d095fd9545b144ba8f6da5bfc539512a
  BFPaperTabBarController: 197befdaa258e3790664be49f7c979e38264d355
  BigBrother: e3cdf5f22636c7b7e92ec4e3615e58cb58681125
  ExSwift: 66c4dcef758ad184556954610ecadcabad3c1b36
  HockeySDK: 9f4ac41263acf9d8a4d59491a7f17af16529b935
  KeychainAccess: 1e705665a234b3af69d653aaa3c8f696e4a992f1
  KeychainSwift: 735f3b9803ce56c47f6f772c8f2013afd515ae07
  Mantle: 1912395033f601de5adc8ee91e48f46e4c7051ad
  MaterialDesignColor: a2ccceb2816a7573692805aa56bbd6f81ad77231
  MaterialKit-Swift2: a0d00ebf1653d69c38430ec73b557ca13e41894d
  Observable-Swift: 4f424b8daba478fe3604085b507c7c201110a034
  PureLayout: f35f5384c9c4e4479df041dbe33ad7577b71ddfb
  R.swift: dfd7addf1564914d92745816b76b0563d688f387
  SwiftyStateMachine: a1d80e0aafdb0d2a339b330470586881af33f307
  UIColor+BFPaperColors: b1efa4320e2f56c4b14f73232faf967ba0e5b4a2
  XCGLogger: 5802533aff8bafc8b3b9776ab8972576f31d0a4e
  XMLDictionary: f9f51601ba76678b594ab485f2b00ec1fed23724

COCOAPODS: 0.39.0.beta.5
